
Microsoft Visual Studio Solution File, Format Version 12.00
Project("{FAE04EC0-301F-11D3-BF4B-00C04F79EFBC}") = "Ballware.Ml.Service", "src\Ballware.Ml.Service\Ballware.Ml.Service.csproj", "{5354E0C3-405C-4B54-B2A1-5BEE148DC608}"
EndProject
Project("{FAE04EC0-301F-11D3-BF4B-00C04F79EFBC}") = "Ballware.Ml.Jobs", "src\Ballware.Ml.Jobs\Ballware.Ml.Jobs.csproj", "{5C4271A6-EA42-4B40-9983-F032A09CEADC}"
EndProject
Project("{FAE04EC0-301F-11D3-BF4B-00C04F79EFBC}") = "Ballware.Ml.Api", "src\Ballware.Ml.Api\Ballware.Ml.Api.csproj", "{46D1EF2B-F0AB-4F34-BE88-01296C64B770}"
EndProject
Project("{FAE04EC0-301F-11D3-BF4B-00C04F79EFBC}") = "Ballware.Ml.Caching", "src\Ballware.Ml.Caching\Ballware.Ml.Caching.csproj", "{961ABB78-E352-4FA4-8600-47114A1ACFCC}"
EndProject
Project("{FAE04EC0-301F-11D3-BF4B-00C04F79EFBC}") = "Ballware.Ml.Engine", "src\Ballware.Ml.Engine\Ballware.Ml.Engine.csproj", "{13560C64-3C4D-49A7-B54D-E4F0C8087E5E}"
EndProject
Project("{FAE04EC0-301F-11D3-BF4B-00C04F79EFBC}") = "Ballware.Ml.Engine.AutoMl", "src\Ballware.Ml.Engine.AutoMl\Ballware.Ml.Engine.AutoMl.csproj", "{BD8BB9EA-7097-48AA-BAC0-A4683E819F00}"
EndProject
Project("{FAE04EC0-301F-11D3-BF4B-00C04F79EFBC}") = "Ballware.Ml.Authorization", "src\Ballware.Ml.Authorization\Ballware.Ml.Authorization.csproj", "{AA2DDE61-6AC0-4A6C-9D66-BD39EAA5ED45}"
EndProject
Project("{FAE04EC0-301F-11D3-BF4B-00C04F79EFBC}") = "Ballware.Ml.Metadata", "src\Ballware.Ml.Metadata\Ballware.Ml.Metadata.csproj", "{98BEB75F-F2F9-4792-A354-251F5A04C1F6}"
EndProject
Project("{FAE04EC0-301F-11D3-BF4B-00C04F79EFBC}") = "Ballware.Ml.Authorization.Tests", "test\Ballware.Ml.Authorization.Tests\Ballware.Ml.Authorization.Tests.csproj", "{4F6ABB3A-9E02-4B06-A789-8048396235EF}"
EndProject
Project("{FAE04EC0-301F-11D3-BF4B-00C04F79EFBC}") = "Ballware.Ml.Service.Client", "src\Ballware.Ml.Service.Client\Ballware.Ml.Service.Client.csproj", "{6B9AED0E-2F1B-4FBA-89C5-C1684D36120B}"
EndProject
Project("{FAE04EC0-301F-11D3-BF4B-00C04F79EFBC}") = "Ballware.Ml.Data", "src\Ballware.Ml.Data\Ballware.Ml.Data.csproj", "{F72F3916-92E8-4404-A3DD-3DD110307E7F}"
EndProject
Project("{FAE04EC0-301F-11D3-BF4B-00C04F79EFBC}") = "Ballware.Ml.Data.Ef", "src\Ballware.Ml.Data.Ef\Ballware.Ml.Data.Ef.csproj", "{E1C487C5-3E1C-497D-80C4-A7260E55B47B}"
EndProject
Project("{FAE04EC0-301F-11D3-BF4B-00C04F79EFBC}") = "Ballware.Ml.Data.Ef.Postgres", "src\Ballware.Ml.Data.Ef.Postgres\Ballware.Ml.Data.Ef.Postgres.csproj", "{8C99095F-CAA1-4CFC-92CA-5696DEC51058}"
EndProject
Project("{FAE04EC0-301F-11D3-BF4B-00C04F79EFBC}") = "Ballware.Ml.Data.Ef.SqlServer", "src\Ballware.Ml.Data.Ef.SqlServer\Ballware.Ml.Data.Ef.SqlServer.csproj", "{3A106794-2BA8-4E31-8B73-09BFEF2EE9B3}"
EndProject
Global
	GlobalSection(SolutionConfigurationPlatforms) = preSolution
		Debug|Any CPU = Debug|Any CPU
		Release|Any CPU = Release|Any CPU
	EndGlobalSection
	GlobalSection(ProjectConfigurationPlatforms) = postSolution
		{5354E0C3-405C-4B54-B2A1-5BEE148DC608}.Debug|Any CPU.ActiveCfg = Debug|Any CPU
		{5354E0C3-405C-4B54-B2A1-5BEE148DC608}.Debug|Any CPU.Build.0 = Debug|Any CPU
		{5354E0C3-405C-4B54-B2A1-5BEE148DC608}.Release|Any CPU.ActiveCfg = Release|Any CPU
		{5354E0C3-405C-4B54-B2A1-5BEE148DC608}.Release|Any CPU.Build.0 = Release|Any CPU
		{5C4271A6-EA42-4B40-9983-F032A09CEADC}.Debug|Any CPU.ActiveCfg = Debug|Any CPU
		{5C4271A6-EA42-4B40-9983-F032A09CEADC}.Debug|Any CPU.Build.0 = Debug|Any CPU
		{5C4271A6-EA42-4B40-9983-F032A09CEADC}.Release|Any CPU.ActiveCfg = Release|Any CPU
		{5C4271A6-EA42-4B40-9983-F032A09CEADC}.Release|Any CPU.Build.0 = Release|Any CPU
		{46D1EF2B-F0AB-4F34-BE88-01296C64B770}.Debug|Any CPU.ActiveCfg = Debug|Any CPU
		{46D1EF2B-F0AB-4F34-BE88-01296C64B770}.Debug|Any CPU.Build.0 = Debug|Any CPU
		{46D1EF2B-F0AB-4F34-BE88-01296C64B770}.Release|Any CPU.ActiveCfg = Release|Any CPU
		{46D1EF2B-F0AB-4F34-BE88-01296C64B770}.Release|Any CPU.Build.0 = Release|Any CPU
		{961ABB78-E352-4FA4-8600-47114A1ACFCC}.Debug|Any CPU.ActiveCfg = Debug|Any CPU
		{961ABB78-E352-4FA4-8600-47114A1ACFCC}.Debug|Any CPU.Build.0 = Debug|Any CPU
		{961ABB78-E352-4FA4-8600-47114A1ACFCC}.Release|Any CPU.ActiveCfg = Release|Any CPU
		{961ABB78-E352-4FA4-8600-47114A1ACFCC}.Release|Any CPU.Build.0 = Release|Any CPU
		{13560C64-3C4D-49A7-B54D-E4F0C8087E5E}.Debug|Any CPU.ActiveCfg = Debug|Any CPU
		{13560C64-3C4D-49A7-B54D-E4F0C8087E5E}.Debug|Any CPU.Build.0 = Debug|Any CPU
		{13560C64-3C4D-49A7-B54D-E4F0C8087E5E}.Release|Any CPU.ActiveCfg = Release|Any CPU
		{13560C64-3C4D-49A7-B54D-E4F0C8087E5E}.Release|Any CPU.Build.0 = Release|Any CPU
		{BD8BB9EA-7097-48AA-BAC0-A4683E819F00}.Debug|Any CPU.ActiveCfg = Debug|Any CPU
		{BD8BB9EA-7097-48AA-BAC0-A4683E819F00}.Debug|Any CPU.Build.0 = Debug|Any CPU
		{BD8BB9EA-7097-48AA-BAC0-A4683E819F00}.Release|Any CPU.ActiveCfg = Release|Any CPU
		{BD8BB9EA-7097-48AA-BAC0-A4683E819F00}.Release|Any CPU.Build.0 = Release|Any CPU
		{AA2DDE61-6AC0-4A6C-9D66-BD39EAA5ED45}.Debug|Any CPU.ActiveCfg = Debug|Any CPU
		{AA2DDE61-6AC0-4A6C-9D66-BD39EAA5ED45}.Debug|Any CPU.Build.0 = Debug|Any CPU
		{AA2DDE61-6AC0-4A6C-9D66-BD39EAA5ED45}.Release|Any CPU.ActiveCfg = Release|Any CPU
		{AA2DDE61-6AC0-4A6C-9D66-BD39EAA5ED45}.Release|Any CPU.Build.0 = Release|Any CPU
		{98BEB75F-F2F9-4792-A354-251F5A04C1F6}.Debug|Any CPU.ActiveCfg = Debug|Any CPU
		{98BEB75F-F2F9-4792-A354-251F5A04C1F6}.Debug|Any CPU.Build.0 = Debug|Any CPU
		{98BEB75F-F2F9-4792-A354-251F5A04C1F6}.Release|Any CPU.ActiveCfg = Release|Any CPU
		{98BEB75F-F2F9-4792-A354-251F5A04C1F6}.Release|Any CPU.Build.0 = Release|Any CPU
		{4F6ABB3A-9E02-4B06-A789-8048396235EF}.Debug|Any CPU.ActiveCfg = Debug|Any CPU
		{4F6ABB3A-9E02-4B06-A789-8048396235EF}.Debug|Any CPU.Build.0 = Debug|Any CPU
		{4F6ABB3A-9E02-4B06-A789-8048396235EF}.Release|Any CPU.ActiveCfg = Release|Any CPU
		{4F6ABB3A-9E02-4B06-A789-8048396235EF}.Release|Any CPU.Build.0 = Release|Any CPU
		{6B9AED0E-2F1B-4FBA-89C5-C1684D36120B}.Debug|Any CPU.ActiveCfg = Debug|Any CPU
		{6B9AED0E-2F1B-4FBA-89C5-C1684D36120B}.Debug|Any CPU.Build.0 = Debug|Any CPU
		{6B9AED0E-2F1B-4FBA-89C5-C1684D36120B}.Release|Any CPU.ActiveCfg = Release|Any CPU
		{6B9AED0E-2F1B-4FBA-89C5-C1684D36120B}.Release|Any CPU.Build.0 = Release|Any CPU
		{F72F3916-92E8-4404-A3DD-3DD110307E7F}.Debug|Any CPU.ActiveCfg = Debug|Any CPU
		{F72F3916-92E8-4404-A3DD-3DD110307E7F}.Debug|Any CPU.Build.0 = Debug|Any CPU
		{F72F3916-92E8-4404-A3DD-3DD110307E7F}.Release|Any CPU.ActiveCfg = Release|Any CPU
		{F72F3916-92E8-4404-A3DD-3DD110307E7F}.Release|Any CPU.Build.0 = Release|Any CPU
		{E1C487C5-3E1C-497D-80C4-A7260E55B47B}.Debug|Any CPU.ActiveCfg = Debug|Any CPU
		{E1C487C5-3E1C-497D-80C4-A7260E55B47B}.Debug|Any CPU.Build.0 = Debug|Any CPU
		{E1C487C5-3E1C-497D-80C4-A7260E55B47B}.Release|Any CPU.ActiveCfg = Release|Any CPU
		{E1C487C5-3E1C-497D-80C4-A7260E55B47B}.Release|Any CPU.Build.0 = Release|Any CPU
		{8C99095F-CAA1-4CFC-92CA-5696DEC51058}.Debug|Any CPU.ActiveCfg = Debug|Any CPU
		{8C99095F-CAA1-4CFC-92CA-5696DEC51058}.Debug|Any CPU.Build.0 = Debug|Any CPU
		{8C99095F-CAA1-4CFC-92CA-5696DEC51058}.Release|Any CPU.ActiveCfg = Release|Any CPU
		{8C99095F-CAA1-4CFC-92CA-5696DEC51058}.Release|Any CPU.Build.0 = Release|Any CPU
		{3A106794-2BA8-4E31-8B73-09BFEF2EE9B3}.Debug|Any CPU.ActiveCfg = Debug|Any CPU
		{3A106794-2BA8-4E31-8B73-09BFEF2EE9B3}.Debug|Any CPU.Build.0 = Debug|Any CPU
		{3A106794-2BA8-4E31-8B73-09BFEF2EE9B3}.Release|Any CPU.ActiveCfg = Release|Any CPU
		{3A106794-2BA8-4E31-8B73-09BFEF2EE9B3}.Release|Any CPU.Build.0 = Release|Any CPU
	EndGlobalSection
EndGlobal
